schema: '2.0'
stages:
  download:
    cmd: python src/downloaders/sec_downloader.py
    params:
      params.yaml:
        download.companies:
        - META
        download.filing_types:
        - 10-K
        - 10-Q
        download.fiscal_years:
        - 2024
        download.output_dir: data/raw
    outs:
    - path: data/raw/META/
      hash: md5
      md5: 561829a37b42d549fbf51c5acee4c73e.dir
      size: 4400566
      nfiles: 2
